
Microsoft Visual Studio Solution File, Format Version 12.00
# Visual Studio Version 17
VisualStudioVersion = 17.0.31612.314
MinimumVisualStudioVersion = 10.0.40219.1
Project("{9A19103F-16F7-4668-BE54-9A1E7A4F7556}") = "SpecifiedRecordsExporter", "SpecifiedRecordsExporter\SpecifiedRecordsExporter.csproj", "{DD791AC0-C01F-448B-BE69-C1AA7FCFE813}"
EndProject
Project("{9A19103F-16F7-4668-BE54-9A1E7A4F7556}") = "HelpersLibStd", "C:\Users\mike\source\repos\HelpersLib\HelpersLib\HelpersLibStd.csproj", "{74C38666-F832-4604-80CF-8B1D2FBBF66C}"
EndProject
Global
	GlobalSection(SolutionConfigurationPlatforms) = preSolution
		Debug|Any CPU = Debug|Any CPU
		Release|Any CPU = Release|Any CPU
	EndGlobalSection
	GlobalSection(ProjectConfigurationPlatforms) = postSolution
		{DD791AC0-C01F-448B-BE69-C1AA7FCFE813}.Debug|Any CPU.ActiveCfg = Debug|Any CPU
		{DD791AC0-C01F-448B-BE69-C1AA7FCFE813}.Debug|Any CPU.Build.0 = Debug|Any CPU
		{DD791AC0-C01F-448B-BE69-C1AA7FCFE813}.Release|Any CPU.ActiveCfg = Release|Any CPU
		{DD791AC0-C01F-448B-BE69-C1AA7FCFE813}.Release|Any CPU.Build.0 = Release|Any CPU
		{74C38666-F832-4604-80CF-8B1D2FBBF66C}.Debug|Any CPU.ActiveCfg = Debug|Any CPU
		{74C38666-F832-4604-80CF-8B1D2FBBF66C}.Debug|Any CPU.Build.0 = Debug|Any CPU
		{74C38666-F832-4604-80CF-8B1D2FBBF66C}.Release|Any CPU.ActiveCfg = Release|Any CPU
		{74C38666-F832-4604-80CF-8B1D2FBBF66C}.Release|Any CPU.Build.0 = Release|Any CPU
	EndGlobalSection
	GlobalSection(SolutionProperties) = preSolution
		HideSolutionNode = FALSE
	EndGlobalSection
	GlobalSection(ExtensibilityGlobals) = postSolution
		SolutionGuid = {29486D39-E147-409D-B127-975E025F7CB2}
	EndGlobalSection
EndGlobal
